// !$*UTF8*$!
{
	archiveVersion = 1;
	classes = {
	};
	objectVersion = 50;
	objects = {

/* Begin PBXBuildFile section */
		EB6B950C24F199ED00699663 /* AppDelegate.swift in Sources */ = {isa = PBXBuildFile; fileRef = EB6B950B24F199ED00699663 /* AppDelegate.swift */; };
		EB6B950E24F199ED00699663 /* GameScene.sks in Resources */ = {isa = PBXBuildFile; fileRef = EB6B950D24F199ED00699663 /* GameScene.sks */; };
		EB6B951224F199ED00699663 /* GameScene.swift in Sources */ = {isa = PBXBuildFile; fileRef = EB6B951124F199ED00699663 /* GameScene.swift */; };
		EB6B951424F199ED00699663 /* GameViewController.swift in Sources */ = {isa = PBXBuildFile; fileRef = EB6B951324F199ED00699663 /* GameViewController.swift */; };
		EB6B951724F199ED00699663 /* Main.storyboard in Resources */ = {isa = PBXBuildFile; fileRef = EB6B951524F199ED00699663 /* Main.storyboard */; };
		EB6B951924F199EF00699663 /* Assets.xcassets in Resources */ = {isa = PBXBuildFile; fileRef = EB6B951824F199EF00699663 /* Assets.xcassets */; };
		EB6B951C24F199EF00699663 /* LaunchScreen.storyboard in Resources */ = {isa = PBXBuildFile; fileRef = EB6B951A24F199EF00699663 /* LaunchScreen.storyboard */; };
		EB6B952724F199EF00699663 /* SpaceTaseristicTests.swift in Sources */ = {isa = PBXBuildFile; fileRef = EB6B952624F199EF00699663 /* SpaceTaseristicTests.swift */; };
		EB6B953224F199EF00699663 /* SpaceTaseristicUITests.swift in Sources */ = {isa = PBXBuildFile; fileRef = EB6B953124F199EF00699663 /* SpaceTaseristicUITests.swift */; };
		EB6B954024F19DB600699663 /* Starfield.sks in Resources */ = {isa = PBXBuildFile; fileRef = EB6B953F24F19DB600699663 /* Starfield.sks */; };
		EB6B954524F1A33300699663 /* waves.json in Resources */ = {isa = PBXBuildFile; fileRef = EB6B954324F1A33300699663 /* waves.json */; };
		EB6B954624F1A33300699663 /* enemy-types.json in Resources */ = {isa = PBXBuildFile; fileRef = EB6B954424F1A33300699663 /* enemy-types.json */; };
		EB6B954924F1A37600699663 /* Player.swift in Sources */ = {isa = PBXBuildFile; fileRef = EB6B954824F1A37600699663 /* Player.swift */; };
		EB6B954B24F1A38D00699663 /* EnemyType.swift in Sources */ = {isa = PBXBuildFile; fileRef = EB6B954A24F1A38D00699663 /* EnemyType.swift */; };
		EB6B954D24F1A3CC00699663 /* Wave.swift in Sources */ = {isa = PBXBuildFile; fileRef = EB6B954C24F1A3CC00699663 /* Wave.swift */; };
		EB6B955124F1A4C100699663 /* Bundle-Decoding.swift in Sources */ = {isa = PBXBuildFile; fileRef = EB6B955024F1A4C100699663 /* Bundle-Decoding.swift */; };
		EB6B955424F1AB3400699663 /* EnemyNode.swift in Sources */ = {isa = PBXBuildFile; fileRef = EB6B955324F1AB3400699663 /* EnemyNode.swift */; };
		EB6B955B24F1BC5300699663 /* Explosion.sks in Resources */ = {isa = PBXBuildFile; fileRef = EB6B955924F1BC5300699663 /* Explosion.sks */; };
		EB6B955C24F1BC5300699663 /* Assets.xcassets in Resources */ = {isa = PBXBuildFile; fileRef = EB6B955A24F1BC5300699663 /* Assets.xcassets */; };
/* End PBXBuildFile section */

/* Begin PBXContainerItemProxy section */
		EB6B952324F199EF00699663 /* PBXContainerItemProxy */ = {
			isa = PBXContainerItemProxy;
			containerPortal = EB6B950024F199ED00699663 /* Project object */;
			proxyType = 1;
			remoteGlobalIDString = EB6B950724F199ED00699663;
			remoteInfo = SpaceTaseristic;
		};
		EB6B952E24F199EF00699663 /* PBXContainerItemProxy */ = {
			isa = PBXContainerItemProxy;
			containerPortal = EB6B950024F199ED00699663 /* Project object */;
			proxyType = 1;
			remoteGlobalIDString = EB6B950724F199ED00699663;
			remoteInfo = SpaceTaseristic;
		};
/* End PBXContainerItemProxy section */

/* Begin PBXFileReference section */
		EB6B950824F199ED00699663 /* SpaceTaseristic.app */ = {isa = PBXFileReference; explicitFileType = wrapper.application; includeInIndex = 0; path = SpaceTaseristic.app; sourceTree = BUILT_PRODUCTS_DIR; };
		EB6B950B24F199ED00699663 /* AppDelegate.swift */ = {isa = PBXFileReference; lastKnownFileType = sourcecode.swift; path = AppDelegate.swift; sourceTree = "<group>"; };
		EB6B950D24F199ED00699663 /* GameScene.sks */ = {isa = PBXFileReference; lastKnownFileType = file.sks; path = GameScene.sks; sourceTree = "<group>"; };
		EB6B951124F199ED00699663 /* GameScene.swift */ = {isa = PBXFileReference; lastKnownFileType = sourcecode.swift; path = GameScene.swift; sourceTree = "<group>"; };
		EB6B951324F199ED00699663 /* GameViewController.swift */ = {isa = PBXFileReference; lastKnownFileType = sourcecode.swift; path = GameViewController.swift; sourceTree = "<group>"; };
		EB6B951624F199ED00699663 /* Base */ = {isa = PBXFileReference; lastKnownFileType = file.storyboard; name = Base; path = Base.lproj/Main.storyboard; sourceTree = "<group>"; };
		EB6B951824F199EF00699663 /* Assets.xcassets */ = {isa = PBXFileReference; lastKnownFileType = folder.assetcatalog; path = Assets.xcassets; sourceTree = "<group>"; };
		EB6B951B24F199EF00699663 /* Base */ = {isa = PBXFileReference; lastKnownFileType = file.storyboard; name = Base; path = Base.lproj/LaunchScreen.storyboard; sourceTree = "<group>"; };
		EB6B951D24F199EF00699663 /* Info.plist */ = {isa = PBXFileReference; lastKnownFileType = text.plist.xml; path = Info.plist; sourceTree = "<group>"; };
		EB6B952224F199EF00699663 /* SpaceTaseristicTests.xctest */ = {isa = PBXFileReference; explicitFileType = wrapper.cfbundle; includeInIndex = 0; path = SpaceTaseristicTests.xctest; sourceTree = BUILT_PRODUCTS_DIR; };
		EB6B952624F199EF00699663 /* SpaceTaseristicTests.swift */ = {isa = PBXFileReference; lastKnownFileType = sourcecode.swift; path = SpaceTaseristicTests.swift; sourceTree = "<group>"; };
		EB6B952824F199EF00699663 /* Info.plist */ = {isa = PBXFileReference; lastKnownFileType = text.plist.xml; path = Info.plist; sourceTree = "<group>"; };
		EB6B952D24F199EF00699663 /* SpaceTaseristicUITests.xctest */ = {isa = PBXFileReference; explicitFileType = wrapper.cfbundle; includeInIndex = 0; path = SpaceTaseristicUITests.xctest; sourceTree = BUILT_PRODUCTS_DIR; };
		EB6B953124F199EF00699663 /* SpaceTaseristicUITests.swift */ = {isa = PBXFileReference; lastKnownFileType = sourcecode.swift; path = SpaceTaseristicUITests.swift; sourceTree = "<group>"; };
		EB6B953324F199EF00699663 /* Info.plist */ = {isa = PBXFileReference; lastKnownFileType = text.plist.xml; path = Info.plist; sourceTree = "<group>"; };
		EB6B953F24F19DB600699663 /* Starfield.sks */ = {isa = PBXFileReference; lastKnownFileType = file.sks; path = Starfield.sks; sourceTree = "<group>"; };
		EB6B954324F1A33300699663 /* waves.json */ = {isa = PBXFileReference; fileEncoding = 4; lastKnownFileType = text.json; path = waves.json; sourceTree = "<group>"; };
		EB6B954424F1A33300699663 /* enemy-types.json */ = {isa = PBXFileReference; fileEncoding = 4; lastKnownFileType = text.json; path = "enemy-types.json"; sourceTree = "<group>"; };
		EB6B954824F1A37600699663 /* Player.swift */ = {isa = PBXFileReference; lastKnownFileType = sourcecode.swift; path = Player.swift; sourceTree = "<group>"; };
		EB6B954A24F1A38D00699663 /* EnemyType.swift */ = {isa = PBXFileReference; lastKnownFileType = sourcecode.swift; path = EnemyType.swift; sourceTree = "<group>"; };
		EB6B954C24F1A3CC00699663 /* Wave.swift */ = {isa = PBXFileReference; lastKnownFileType = sourcecode.swift; path = Wave.swift; sourceTree = "<group>"; };
		EB6B955024F1A4C100699663 /* Bundle-Decoding.swift */ = {isa = PBXFileReference; lastKnownFileType = sourcecode.swift; path = "Bundle-Decoding.swift"; sourceTree = "<group>"; };
		EB6B955324F1AB3400699663 /* EnemyNode.swift */ = {isa = PBXFileReference; lastKnownFileType = sourcecode.swift; path = EnemyNode.swift; sourceTree = "<group>"; };
		EB6B955924F1BC5300699663 /* Explosion.sks */ = {isa = PBXFileReference; lastKnownFileType = file.sks; path = Explosion.sks; sourceTree = "<group>"; };
		EB6B955A24F1BC5300699663 /* Assets.xcassets */ = {isa = PBXFileReference; lastKnownFileType = folder.assetcatalog; path = Assets.xcassets; sourceTree = "<group>"; };
/* End PBXFileReference section */

/* Begin PBXFrameworksBuildPhase section */
		EB6B950524F199ED00699663 /* Frameworks */ = {
			isa = PBXFrameworksBuildPhase;
			buildActionMask = 2147483647;
			files = (
			);
			runOnlyForDeploymentPostprocessing = 0;
		};
		EB6B951F24F199EF00699663 /* Frameworks */ = {
			isa = PBXFrameworksBuildPhase;
			buildActionMask = 2147483647;
			files = (
			);
			runOnlyForDeploymentPostprocessing = 0;
		};
		EB6B952A24F199EF00699663 /* Frameworks */ = {
			isa = PBXFrameworksBuildPhase;
			buildActionMask = 2147483647;
			files = (
			);
			runOnlyForDeploymentPostprocessing = 0;
		};
/* End PBXFrameworksBuildPhase section */

/* Begin PBXGroup section */
		EB6B94FF24F199ED00699663 = {
			isa = PBXGroup;
			children = (
				EB6B950A24F199ED00699663 /* SpaceTaseristic */,
				EB6B955D24F1BFC400699663 /* SKS */,
				EB6B955224F1A99600699663 /* Extensions */,
				EB6B954E24F1A47400699663 /* Flow */,
				EB6B954F24F1A48100699663 /* Nodes */,
				EB6B954724F1A34A00699663 /* Models */,
				EB6B954124F1A09F00699663 /* SupportingFiles */,
				EB6B952524F199EF00699663 /* SpaceTaseristicTests */,
				EB6B953024F199EF00699663 /* SpaceTaseristicUITests */,
				EB6B950924F199ED00699663 /* Products */,
			);
			sourceTree = "<group>";
		};
		EB6B950924F199ED00699663 /* Products */ = {
			isa = PBXGroup;
			children = (
				EB6B950824F199ED00699663 /* SpaceTaseristic.app */,
				EB6B952224F199EF00699663 /* SpaceTaseristicTests.xctest */,
				EB6B952D24F199EF00699663 /* SpaceTaseristicUITests.xctest */,
			);
			name = Products;
			sourceTree = "<group>";
		};
		EB6B950A24F199ED00699663 /* SpaceTaseristic */ = {
			isa = PBXGroup;
			children = (
				EB6B950B24F199ED00699663 /* AppDelegate.swift */,
				EB6B950D24F199ED00699663 /* GameScene.sks */,
				EB6B955A24F1BC5300699663 /* Assets.xcassets */,
				EB6B951124F199ED00699663 /* GameScene.swift */,
				EB6B951324F199ED00699663 /* GameViewController.swift */,
				EB6B951524F199ED00699663 /* Main.storyboard */,
				EB6B951A24F199EF00699663 /* LaunchScreen.storyboard */,
				EB6B951D24F199EF00699663 /* Info.plist */,
			);
			path = SpaceTaseristic;
			sourceTree = "<group>";
		};
		EB6B952524F199EF00699663 /* SpaceTaseristicTests */ = {
			isa = PBXGroup;
			children = (
				EB6B952624F199EF00699663 /* SpaceTaseristicTests.swift */,
				EB6B952824F199EF00699663 /* Info.plist */,
			);
			path = SpaceTaseristicTests;
			sourceTree = "<group>";
		};
		EB6B953024F199EF00699663 /* SpaceTaseristicUITests */ = {
			isa = PBXGroup;
			children = (
				EB6B953124F199EF00699663 /* SpaceTaseristicUITests.swift */,
				EB6B953324F199EF00699663 /* Info.plist */,
			);
			path = SpaceTaseristicUITests;
			sourceTree = "<group>";
		};
		EB6B954124F1A09F00699663 /* SupportingFiles */ = {
			isa = PBXGroup;
			children = (
				EB6B951824F199EF00699663 /* Assets.xcassets */,
				EB6B954224F1A0D300699663 /* JSONFiles */,
			);
			path = SupportingFiles;
			sourceTree = "<group>";
		};
		EB6B954224F1A0D300699663 /* JSONFiles */ = {
			isa = PBXGroup;
			children = (
				EB6B954424F1A33300699663 /* enemy-types.json */,
				EB6B954324F1A33300699663 /* waves.json */,
			);
			path = JSONFiles;
			sourceTree = "<group>";
		};
		EB6B954724F1A34A00699663 /* Models */ = {
			isa = PBXGroup;
			children = (
				EB6B954824F1A37600699663 /* Player.swift */,
				EB6B954A24F1A38D00699663 /* EnemyType.swift */,
				EB6B954C24F1A3CC00699663 /* Wave.swift */,
			);
			path = Models;
			sourceTree = "<group>";
		};
		EB6B954E24F1A47400699663 /* Flow */ = {
			isa = PBXGroup;
			children = (
			);
			path = Flow;
			sourceTree = "<group>";
		};
		EB6B954F24F1A48100699663 /* Nodes */ = {
			isa = PBXGroup;
			children = (
				EB6B955324F1AB3400699663 /* EnemyNode.swift */,
			);
			path = Nodes;
			sourceTree = "<group>";
		};
		EB6B955224F1A99600699663 /* Extensions */ = {
			isa = PBXGroup;
			children = (
				EB6B955024F1A4C100699663 /* Bundle-Decoding.swift */,
			);
			path = Extensions;
			sourceTree = "<group>";
		};
		EB6B955D24F1BFC400699663 /* SKS */ = {
			isa = PBXGroup;
			children = (
				EB6B955924F1BC5300699663 /* Explosion.sks */,
				EB6B953F24F19DB600699663 /* Starfield.sks */,
			);
			path = SKS;
			sourceTree = "<group>";
		};
/* End PBXGroup section */

/* Begin PBXNativeTarget section */
		EB6B950724F199ED00699663 /* SpaceTaseristic */ = {
			isa = PBXNativeTarget;
			buildConfigurationList = EB6B953624F199EF00699663 /* Build configuration list for PBXNativeTarget "SpaceTaseristic" */;
			buildPhases = (
				EB6B950424F199ED00699663 /* Sources */,
				EB6B950524F199ED00699663 /* Frameworks */,
				EB6B950624F199ED00699663 /* Resources */,
			);
			buildRules = (
			);
			dependencies = (
			);
			name = SpaceTaseristic;
			productName = SpaceTaseristic;
			productReference = EB6B950824F199ED00699663 /* SpaceTaseristic.app */;
			productType = "com.apple.product-type.application";
		};
		EB6B952124F199EF00699663 /* SpaceTaseristicTests */ = {
			isa = PBXNativeTarget;
			buildConfigurationList = EB6B953924F199EF00699663 /* Build configuration list for PBXNativeTarget "SpaceTaseristicTests" */;
			buildPhases = (
				EB6B951E24F199EF00699663 /* Sources */,
				EB6B951F24F199EF00699663 /* Frameworks */,
				EB6B952024F199EF00699663 /* Resources */,
			);
			buildRules = (
			);
			dependencies = (
				EB6B952424F199EF00699663 /* PBXTargetDependency */,
			);
			name = SpaceTaseristicTests;
			productName = SpaceTaseristicTests;
			productReference = EB6B952224F199EF00699663 /* SpaceTaseristicTests.xctest */;
			productType = "com.apple.product-type.bundle.unit-test";
		};
		EB6B952C24F199EF00699663 /* SpaceTaseristicUITests */ = {
			isa = PBXNativeTarget;
			buildConfigurationList = EB6B953C24F199EF00699663 /* Build configuration list for PBXNativeTarget "SpaceTaseristicUITests" */;
			buildPhases = (
				EB6B952924F199EF00699663 /* Sources */,
				EB6B952A24F199EF00699663 /* Frameworks */,
				EB6B952B24F199EF00699663 /* Resources */,
			);
			buildRules = (
			);
			dependencies = (
				EB6B952F24F199EF00699663 /* PBXTargetDependency */,
			);
			name = SpaceTaseristicUITests;
			productName = SpaceTaseristicUITests;
			productReference = EB6B952D24F199EF00699663 /* SpaceTaseristicUITests.xctest */;
			productType = "com.apple.product-type.bundle.ui-testing";
		};
/* End PBXNativeTarget section */

/* Begin PBXProject section */
		EB6B950024F199ED00699663 /* Project object */ = {
			isa = PBXProject;
			attributes = {
				LastSwiftUpdateCheck = 1120;
				LastUpgradeCheck = 1120;
				ORGANIZATIONNAME = PXSDevelopment;
				TargetAttributes = {
					EB6B950724F199ED00699663 = {
						CreatedOnToolsVersion = 11.2.1;
					};
					EB6B952124F199EF00699663 = {
						CreatedOnToolsVersion = 11.2.1;
						TestTargetID = EB6B950724F199ED00699663;
					};
					EB6B952C24F199EF00699663 = {
						CreatedOnToolsVersion = 11.2.1;
						TestTargetID = EB6B950724F199ED00699663;
					};
				};
			};
			buildConfigurationList = EB6B950324F199ED00699663 /* Build configuration list for PBXProject "SpaceTaseristic" */;
			compatibilityVersion = "Xcode 9.3";
			developmentRegion = en;
			hasScannedForEncodings = 0;
			knownRegions = (
				en,
				Base,
			);
			mainGroup = EB6B94FF24F199ED00699663;
			productRefGroup = EB6B950924F199ED00699663 /* Products */;
			projectDirPath = "";
			projectRoot = "";
			targets = (
				EB6B950724F199ED00699663 /* SpaceTaseristic */,
				EB6B952124F199EF00699663 /* SpaceTaseristicTests */,
				EB6B952C24F199EF00699663 /* SpaceTaseristicUITests */,
			);
		};
/* End PBXProject section */

/* Begin PBXResourcesBuildPhase section */
		EB6B950624F199ED00699663 /* Resources */ = {
			isa = PBXResourcesBuildPhase;
			buildActionMask = 2147483647;
			files = (
				EB6B951724F199ED00699663 /* Main.storyboard in Resources */,
				EB6B954624F1A33300699663 /* enemy-types.json in Resources */,
				EB6B950E24F199ED00699663 /* GameScene.sks in Resources */,
				EB6B954024F19DB600699663 /* Starfield.sks in Resources */,
				EB6B951924F199EF00699663 /* Assets.xcassets in Resources */,
				EB6B955B24F1BC5300699663 /* Explosion.sks in Resources */,
				EB6B954524F1A33300699663 /* waves.json in Resources */,
				EB6B955C24F1BC5300699663 /* Assets.xcassets in Resources */,
				EB6B951C24F199EF00699663 /* LaunchScreen.storyboard in Resources */,
			);
			runOnlyForDeploymentPostprocessing = 0;
		};
		EB6B952024F199EF00699663 /* Resources */ = {
			isa = PBXResourcesBuildPhase;
			buildActionMask = 2147483647;
			files = (
			);
			runOnlyForDeploymentPostprocessing = 0;
		};
		EB6B952B24F199EF00699663 /* Resources */ = {
			isa = PBXResourcesBuildPhase;
			buildActionMask = 2147483647;
			files = (
			);
			runOnlyForDeploymentPostprocessing = 0;
		};
/* End PBXResourcesBuildPhase section */

/* Begin PBXSourcesBuildPhase section */
		EB6B950424F199ED00699663 /* Sources */ = {
			isa = PBXSourcesBuildPhase;
			buildActionMask = 2147483647;
			files = (
				EB6B954D24F1A3CC00699663 /* Wave.swift in Sources */,
				EB6B954924F1A37600699663 /* Player.swift in Sources */,
				EB6B954B24F1A38D00699663 /* EnemyType.swift in Sources */,
				EB6B951224F199ED00699663 /* GameScene.swift in Sources */,
				EB6B955124F1A4C100699663 /* Bundle-Decoding.swift in Sources */,
				EB6B951424F199ED00699663 /* GameViewController.swift in Sources */,
				EB6B955424F1AB3400699663 /* EnemyNode.swift in Sources */,
				EB6B950C24F199ED00699663 /* AppDelegate.swift in Sources */,
			);
			runOnlyForDeploymentPostprocessing = 0;
		};
		EB6B951E24F199EF00699663 /* Sources */ = {
			isa = PBXSourcesBuildPhase;
			buildActionMask = 2147483647;
			files = (
				EB6B952724F199EF00699663 /* SpaceTaseristicTests.swift in Sources */,
			);
			runOnlyForDeploymentPostprocessing = 0;
		};
		EB6B952924F199EF00699663 /* Sources */ = {
			isa = PBXSourcesBuildPhase;
			buildActionMask = 2147483647;
			files = (
				EB6B953224F199EF00699663 /* SpaceTaseristicUITests.swift in Sources */,
			);
			runOnlyForDeploymentPostprocessing = 0;
		};
/* End PBXSourcesBuildPhase section */

/* Begin PBXTargetDependency section */
		EB6B952424F199EF00699663 /* PBXTargetDependency */ = {
			isa = PBXTargetDependency;
			target = EB6B950724F199ED00699663 /* SpaceTaseristic */;
			targetProxy = EB6B952324F199EF00699663 /* PBXContainerItemProxy */;
		};
		EB6B952F24F199EF00699663 /* PBXTargetDependency */ = {
			isa = PBXTargetDependency;
			target = EB6B950724F199ED00699663 /* SpaceTaseristic */;
			targetProxy = EB6B952E24F199EF00699663 /* PBXContainerItemProxy */;
		};
/* End PBXTargetDependency section */

/* Begin PBXVariantGroup section */
		EB6B951524F199ED00699663 /* Main.storyboard */ = {
			isa = PBXVariantGroup;
			children = (
				EB6B951624F199ED00699663 /* Base */,
			);
			name = Main.storyboard;
			sourceTree = "<group>";
		};
		EB6B951A24F199EF00699663 /* LaunchScreen.storyboard */ = {
			isa = PBXVariantGroup;
			children = (
				EB6B951B24F199EF00699663 /* Base */,
			);
			name = LaunchScreen.storyboard;
			sourceTree = "<group>";
		};
/* End PBXVariantGroup section */

/* Begin XCBuildConfiguration section */
		EB6B953424F199EF00699663 /* Debug */ = {
			isa = XCBuildConfiguration;
			buildSettings = {
				ALWAYS_SEARCH_USER_PATHS = NO;
				CLANG_ANALYZER_NONNULL = YES;
				CLANG_ANALYZER_NUMBER_OBJECT_CONVERSION = YES_AGGRESSIVE;
				CLANG_CXX_LANGUAGE_STANDARD = "gnu++14";
				CLANG_CXX_LIBRARY = "libc++";
				CLANG_ENABLE_MODULES = YES;
				CLANG_ENABLE_OBJC_ARC = YES;
				CLANG_ENABLE_OBJC_WEAK = YES;
				CLANG_WARN_BLOCK_CAPTURE_AUTORELEASING = YES;
				CLANG_WARN_BOOL_CONVERSION = YES;
				CLANG_WARN_COMMA = YES;
				CLANG_WARN_CONSTANT_CONVERSION = YES;
				CLANG_WARN_DEPRECATED_OBJC_IMPLEMENTATIONS = YES;
				CLANG_WARN_DIRECT_OBJC_ISA_USAGE = YES_ERROR;
				CLANG_WARN_DOCUMENTATION_COMMENTS = YES;
				CLANG_WARN_EMPTY_BODY = YES;
				CLANG_WARN_ENUM_CONVERSION = YES;
				CLANG_WARN_INFINITE_RECURSION = YES;
				CLANG_WARN_INT_CONVERSION = YES;
				CLANG_WARN_NON_LITERAL_NULL_CONVERSION = YES;
				CLANG_WARN_OBJC_IMPLICIT_RETAIN_SELF = YES;
				CLANG_WARN_OBJC_LITERAL_CONVERSION = YES;
				CLANG_WARN_OBJC_ROOT_CLASS = YES_ERROR;
				CLANG_WARN_RANGE_LOOP_ANALYSIS = YES;
				CLANG_WARN_STRICT_PROTOTYPES = YES;
				CLANG_WARN_SUSPICIOUS_MOVE = YES;
				CLANG_WARN_UNGUARDED_AVAILABILITY = YES_AGGRESSIVE;
				CLANG_WARN_UNREACHABLE_CODE = YES;
				CLANG_WARN__DUPLICATE_METHOD_MATCH = YES;
				COPY_PHASE_STRIP = NO;
				DEBUG_INFORMATION_FORMAT = dwarf;
				ENABLE_STRICT_OBJC_MSGSEND = YES;
				ENABLE_TESTABILITY = YES;
				GCC_C_LANGUAGE_STANDARD = gnu11;
				GCC_DYNAMIC_NO_PIC = NO;
				GCC_NO_COMMON_BLOCKS = YES;
				GCC_OPTIMIZATION_LEVEL = 0;
				GCC_PREPROCESSOR_DEFINITIONS = (
					"DEBUG=1",
					"$(inherited)",
				);
				GCC_WARN_64_TO_32_BIT_CONVERSION = YES;
				GCC_WARN_ABOUT_RETURN_TYPE = YES_ERROR;
				GCC_WARN_UNDECLARED_SELECTOR = YES;
				GCC_WARN_UNINITIALIZED_AUTOS = YES_AGGRESSIVE;
				GCC_WARN_UNUSED_FUNCTION = YES;
				GCC_WARN_UNUSED_VARIABLE = YES;
				IPHONEOS_DEPLOYMENT_TARGET = 13.2;
				MTL_ENABLE_DEBUG_INFO = INCLUDE_SOURCE;
				MTL_FAST_MATH = YES;
				ONLY_ACTIVE_ARCH = YES;
				SDKROOT = iphoneos;
				SWIFT_ACTIVE_COMPILATION_CONDITIONS = DEBUG;
				SWIFT_OPTIMIZATION_LEVEL = "-Onone";
			};
			name = Debug;
		};
		EB6B953524F199EF00699663 /* Release */ = {
			isa = XCBuildConfiguration;
			buildSettings = {
				ALWAYS_SEARCH_USER_PATHS = NO;
				CLANG_ANALYZER_NONNULL = YES;
				CLANG_ANALYZER_NUMBER_OBJECT_CONVERSION = YES_AGGRESSIVE;
				CLANG_CXX_LANGUAGE_STANDARD = "gnu++14";
				CLANG_CXX_LIBRARY = "libc++";
				CLANG_ENABLE_MODULES = YES;
				CLANG_ENABLE_OBJC_ARC = YES;
				CLANG_ENABLE_OBJC_WEAK = YES;
				CLANG_WARN_BLOCK_CAPTURE_AUTORELEASING = YES;
				CLANG_WARN_BOOL_CONVERSION = YES;
				CLANG_WARN_COMMA = YES;
				CLANG_WARN_CONSTANT_CONVERSION = YES;
				CLANG_WARN_DEPRECATED_OBJC_IMPLEMENTATIONS = YES;
				CLANG_WARN_DIRECT_OBJC_ISA_USAGE = YES_ERROR;
				CLANG_WARN_DOCUMENTATION_COMMENTS = YES;
				CLANG_WARN_EMPTY_BODY = YES;
				CLANG_WARN_ENUM_CONVERSION = YES;
				CLANG_WARN_INFINITE_RECURSION = YES;
				CLANG_WARN_INT_CONVERSION = YES;
				CLANG_WARN_NON_LITERAL_NULL_CONVERSION = YES;
				CLANG_WARN_OBJC_IMPLICIT_RETAIN_SELF = YES;
				CLANG_WARN_OBJC_LITERAL_CONVERSION = YES;
				CLANG_WARN_OBJC_ROOT_CLASS = YES_ERROR;
				CLANG_WARN_RANGE_LOOP_ANALYSIS = YES;
				CLANG_WARN_STRICT_PROTOTYPES = YES;
				CLANG_WARN_SUSPICIOUS_MOVE = YES;
				CLANG_WARN_UNGUARDED_AVAILABILITY = YES_AGGRESSIVE;
				CLANG_WARN_UNREACHABLE_CODE = YES;
				CLANG_WARN__DUPLICATE_METHOD_MATCH = YES;
				COPY_PHASE_STRIP = NO;
				DEBUG_INFORMATION_FORMAT = "dwarf-with-dsym";
				ENABLE_NS_ASSERTIONS = NO;
				ENABLE_STRICT_OBJC_MSGSEND = YES;
				GCC_C_LANGUAGE_STANDARD = gnu11;
				GCC_NO_COMMON_BLOCKS = YES;
				GCC_WARN_64_TO_32_BIT_CONVERSION = YES;
				GCC_WARN_ABOUT_RETURN_TYPE = YES_ERROR;
				GCC_WARN_UNDECLARED_SELECTOR = YES;
				GCC_WARN_UNINITIALIZED_AUTOS = YES_AGGRESSIVE;
				GCC_WARN_UNUSED_FUNCTION = YES;
				GCC_WARN_UNUSED_VARIABLE = YES;
				IPHONEOS_DEPLOYMENT_TARGET = 13.2;
				MTL_ENABLE_DEBUG_INFO = NO;
				MTL_FAST_MATH = YES;
				SDKROOT = iphoneos;
				SWIFT_COMPILATION_MODE = wholemodule;
				SWIFT_OPTIMIZATION_LEVEL = "-O";
				VALIDATE_PRODUCT = YES;
			};
			name = Release;
		};
		EB6B953724F199EF00699663 /* Debug */ = {
			isa = XCBuildConfiguration;
			buildSettings = {
				ASSETCATALOG_COMPILER_APPICON_NAME = AppIcon;
				CODE_SIGN_STYLE = Automatic;
				DEVELOPMENT_TEAM = HQ9RJZ3A7D;
				INFOPLIST_FILE = SpaceTaseristic/Info.plist;
				LD_RUNPATH_SEARCH_PATHS = (
					"$(inherited)",
					"@executable_path/Frameworks",
				);
				PRODUCT_BUNDLE_IDENTIFIER = "Paul-Huynh.SpaceTaseristic";
				PRODUCT_NAME = "$(TARGET_NAME)";
				SWIFT_VERSION = 5.0;
				TARGETED_DEVICE_FAMILY = 2;
			};
			name = Debug;
		};
		EB6B953824F199EF00699663 /* Release */ = {
			isa = XCBuildConfiguration;
			buildSettings = {
				ASSETCATALOG_COMPILER_APPICON_NAME = AppIcon;
				CODE_SIGN_STYLE = Automatic;
				DEVELOPMENT_TEAM = HQ9RJZ3A7D;
				INFOPLIST_FILE = SpaceTaseristic/Info.plist;
				LD_RUNPATH_SEARCH_PATHS = (
					"$(inherited)",
					"@executable_path/Frameworks",
				);
				PRODUCT_BUNDLE_IDENTIFIER = "Paul-Huynh.SpaceTaseristic";
				PRODUCT_NAME = "$(TARGET_NAME)";
				SWIFT_VERSION = 5.0;
				TARGETED_DEVICE_FAMILY = 2;
			};
			name = Release;
		};
		EB6B953A24F199EF00699663 /* Debug */ = {
			isa = XCBuildConfiguration;
			buildSettings = {
				ALWAYS_EMBED_SWIFT_STANDARD_LIBRARIES = YES;
				BUNDLE_LOADER = "$(TEST_HOST)";
				CODE_SIGN_STYLE = Automatic;
				DEVELOPMENT_TEAM = HQ9RJZ3A7D;
				INFOPLIST_FILE = SpaceTaseristicTests/Info.plist;
				IPHONEOS_DEPLOYMENT_TARGET = 13.2;
				LD_RUNPATH_SEARCH_PATHS = (
					"$(inherited)",
					"@executable_path/Frameworks",
					"@loader_path/Frameworks",
				);
				PRODUCT_BUNDLE_IDENTIFIER = "Paul-Huynh.SpaceTaseristicTests";
				PRODUCT_NAME = "$(TARGET_NAME)";
				SWIFT_VERSION = 5.0;
				TARGETED_DEVICE_FAMILY = "1,2";
				TEST_HOST = "$(BUILT_PRODUCTS_DIR)/SpaceTaseristic.app/SpaceTaseristic";
			};
			name = Debug;
		};
		EB6B953B24F199EF00699663 /* Release */ = {
			isa = XCBuildConfiguration;
			buildSettings = {
				ALWAYS_EMBED_SWIFT_STANDARD_LIBRARIES = YES;
				BUNDLE_LOADER = "$(TEST_HOST)";
				CODE_SIGN_STYLE = Automatic;
				DEVELOPMENT_TEAM = HQ9RJZ3A7D;
				INFOPLIST_FILE = SpaceTaseristicTests/Info.plist;
				IPHONEOS_DEPLOYMENT_TARGET = 13.2;
				LD_RUNPATH_SEARCH_PATHS = (
					"$(inherited)",
					"@executable_path/Frameworks",
					"@loader_path/Frameworks",
				);
				PRODUCT_BUNDLE_IDENTIFIER = "Paul-Huynh.SpaceTaseristicTests";
				PRODUCT_NAME = "$(TARGET_NAME)";
				SWIFT_VERSION = 5.0;
				TARGETED_DEVICE_FAMILY = "1,2";
				TEST_HOST = "$(BUILT_PRODUCTS_DIR)/SpaceTaseristic.app/SpaceTaseristic";
			};
			name = Release;
		};
		EB6B953D24F199EF00699663 /* Debug */ = {
			isa = XCBuildConfiguration;
			buildSettings = {
				ALWAYS_EMBED_SWIFT_STANDARD_LIBRARIES = YES;
				CODE_SIGN_STYLE = Automatic;
				DEVELOPMENT_TEAM = HQ9RJZ3A7D;
				INFOPLIST_FILE = SpaceTaseristicUITests/Info.plist;
				LD_RUNPATH_SEARCH_PATHS = (
					"$(inherited)",
					"@executable_path/Frameworks",
					"@loader_path/Frameworks",
				);
				PRODUCT_BUNDLE_IDENTIFIER = "Paul-Huynh.SpaceTaseristicUITests";
				PRODUCT_NAME = "$(TARGET_NAME)";
				SWIFT_VERSION = 5.0;
				TARGETED_DEVICE_FAMILY = "1,2";
				TEST_TARGET_NAME = SpaceTaseristic;
			};
			name = Debug;
		};
		EB6B953E24F199EF00699663 /* Release */ = {
			isa = XCBuildConfiguration;
			buildSettings = {
				ALWAYS_EMBED_SWIFT_STANDARD_LIBRARIES = YES;
				CODE_SIGN_STYLE = Automatic;
				DEVELOPMENT_TEAM = HQ9RJZ3A7D;
				INFOPLIST_FILE = SpaceTaseristicUITests/Info.plist;
				LD_RUNPATH_SEARCH_PATHS = (
					"$(inherited)",
					"@executable_path/Frameworks",
					"@loader_path/Frameworks",
				);
				PRODUCT_BUNDLE_IDENTIFIER = "Paul-Huynh.SpaceTaseristicUITests";
				PRODUCT_NAME = "$(TARGET_NAME)";
				SWIFT_VERSION = 5.0;
				TARGETED_DEVICE_FAMILY = "1,2";
				TEST_TARGET_NAME = SpaceTaseristic;
			};
			name = Release;
		};
/* End XCBuildConfiguration section */

/* Begin XCConfigurationList section */
		EB6B950324F199ED00699663 /* Build configuration list for PBXProject "SpaceTaseristic" */ = {
			isa = XCConfigurationList;
			buildConfigurations = (
				EB6B953424F199EF00699663 /* Debug */,
				EB6B953524F199EF00699663 /* Release */,
			);
			defaultConfigurationIsVisible = 0;
			defaultConfigurationName = Release;
		};
		EB6B953624F199EF00699663 /* Build configuration list for PBXNativeTarget "SpaceTaseristic" */ = {
			isa = XCConfigurationList;
			buildConfigurations = (
				EB6B953724F199EF00699663 /* Debug */,
				EB6B953824F199EF00699663 /* Release */,
			);
			defaultConfigurationIsVisible = 0;
			defaultConfigurationName = Release;
		};
		EB6B953924F199EF00699663 /* Build configuration list for PBXNativeTarget "SpaceTaseristicTests" */ = {
			isa = XCConfigurationList;
			buildConfigurations = (
				EB6B953A24F199EF00699663 /* Debug */,
				EB6B953B24F199EF00699663 /* Release */,
			);
			defaultConfigurationIsVisible = 0;
			defaultConfigurationName = Release;
		};
		EB6B953C24F199EF00699663 /* Build configuration list for PBXNativeTarget "SpaceTaseristicUITests" */ = {
			isa = XCConfigurationList;
			buildConfigurations = (
				EB6B953D24F199EF00699663 /* Debug */,
				EB6B953E24F199EF00699663 /* Release */,
			);
			defaultConfigurationIsVisible = 0;
			defaultConfigurationName = Release;
		};
/* End XCConfigurationList section */
	};
	rootObject = EB6B950024F199ED00699663 /* Project object */;
}
